
Microsoft Visual Studio Solution File, Format Version 12.00
# Visual Studio 15
VisualStudioVersion = 15.0.27004.2005
MinimumVisualStudioVersion = 10.0.40219.1
Project("{FAE04EC0-301F-11D3-BF4B-00C04F79EFBC}") = "Chantasilandia.WebApp", "WebApp\Chantasilandia.WebApp.csproj", "{7E49529A-4AB6-4B91-96C5-EA1322A6E30F}"
EndProject
Project("{FAE04EC0-301F-11D3-BF4B-00C04F79EFBC}") = "Chantasilandia.Negocio", "BibliotecaClases\Chantasilandia.Negocio.csproj", "{6B3FEDE4-1B14-4277-B05A-0BB7DD256F2D}"
EndProject
Global
	GlobalSection(SolutionConfigurationPlatforms) = preSolution
		Debug|Any CPU = Debug|Any CPU
		Release|Any CPU = Release|Any CPU
	EndGlobalSection
	GlobalSection(ProjectConfigurationPlatforms) = postSolution
		{7E49529A-4AB6-4B91-96C5-EA1322A6E30F}.Debug|Any CPU.ActiveCfg = Debug|Any CPU
		{7E49529A-4AB6-4B91-96C5-EA1322A6E30F}.Debug|Any CPU.Build.0 = Debug|Any CPU
		{7E49529A-4AB6-4B91-96C5-EA1322A6E30F}.Release|Any CPU.ActiveCfg = Release|Any CPU
		{7E49529A-4AB6-4B91-96C5-EA1322A6E30F}.Release|Any CPU.Build.0 = Release|Any CPU
		{6B3FEDE4-1B14-4277-B05A-0BB7DD256F2D}.Debug|Any CPU.ActiveCfg = Debug|Any CPU
		{6B3FEDE4-1B14-4277-B05A-0BB7DD256F2D}.Debug|Any CPU.Build.0 = Debug|Any CPU
		{6B3FEDE4-1B14-4277-B05A-0BB7DD256F2D}.Release|Any CPU.ActiveCfg = Release|Any CPU
		{6B3FEDE4-1B14-4277-B05A-0BB7DD256F2D}.Release|Any CPU.Build.0 = Release|Any CPU
	EndGlobalSection
	GlobalSection(SolutionProperties) = preSolution
		HideSolutionNode = FALSE
	EndGlobalSection
	GlobalSection(ExtensibilityGlobals) = postSolution
		SolutionGuid = {7EC93DF2-CF54-400C-8E85-4B4D67519982}
	EndGlobalSection
EndGlobal
